
Microsoft Visual Studio Solution File, Format Version 12.00
# Visual Studio Version 16
VisualStudioVersion = 16.0.31624.102
MinimumVisualStudioVersion = 10.0.40219.1
Project("{FAE04EC0-301F-11D3-BF4B-00C04F79EFBC}") = "Pudelko", "Pudelko\Pudelko.csproj", "{9299AE60-AEF3-40BA-BDC1-E4C25768494E}"
EndProject
Project("{FAE04EC0-301F-11D3-BF4B-00C04F79EFBC}") = "UnitTestsPudelko", "UnitTestsPudelko\UnitTestsPudelko.csproj", "{EA71BB4F-3C29-4C06-A47E-9A6B5829A3C5}"
EndProject
Project("{2150E333-8FDC-42A3-9474-1A3956D46DE8}") = "Solution Items", "Solution Items", "{CB7EC543-9660-48FB-98CB-C1FD281D5498}"
	ProjectSection(SolutionItems) = preProject
		.gitignore = .gitignore
	EndProjectSection
EndProject
Global
	GlobalSection(SolutionConfigurationPlatforms) = preSolution
		Debug|Any CPU = Debug|Any CPU
		Release|Any CPU = Release|Any CPU
	EndGlobalSection
	GlobalSection(ProjectConfigurationPlatforms) = postSolution
		{9299AE60-AEF3-40BA-BDC1-E4C25768494E}.Debug|Any CPU.ActiveCfg = Debug|Any CPU
		{9299AE60-AEF3-40BA-BDC1-E4C25768494E}.Debug|Any CPU.Build.0 = Debug|Any CPU
		{9299AE60-AEF3-40BA-BDC1-E4C25768494E}.Release|Any CPU.ActiveCfg = Release|Any CPU
		{9299AE60-AEF3-40BA-BDC1-E4C25768494E}.Release|Any CPU.Build.0 = Release|Any CPU
		{EA71BB4F-3C29-4C06-A47E-9A6B5829A3C5}.Debug|Any CPU.ActiveCfg = Debug|Any CPU
		{EA71BB4F-3C29-4C06-A47E-9A6B5829A3C5}.Debug|Any CPU.Build.0 = Debug|Any CPU
		{EA71BB4F-3C29-4C06-A47E-9A6B5829A3C5}.Release|Any CPU.ActiveCfg = Release|Any CPU
		{EA71BB4F-3C29-4C06-A47E-9A6B5829A3C5}.Release|Any CPU.Build.0 = Release|Any CPU
	EndGlobalSection
	GlobalSection(SolutionProperties) = preSolution
		HideSolutionNode = FALSE
	EndGlobalSection
	GlobalSection(ExtensibilityGlobals) = postSolution
		SolutionGuid = {53566069-8368-4D7E-A47A-356484395D97}
	EndGlobalSection
EndGlobal
